
Microsoft Visual Studio Solution File, Format Version 11.00
# Visual Studio 2010
Project("{FAE04EC0-301F-11D3-BF4B-00C04F79EFBC}") = "Assembly-CSharp", "Assembly-CSharp.csproj", "{BA2DCC62-3B1E-A7FB-34C6-BCD7A570AA8C}"
EndProject
Project("{FAE04EC0-301F-11D3-BF4B-00C04F79EFBC}") = "Assembly-CSharp-firstpass", "Assembly-CSharp-firstpass.csproj", "{65DF0F25-46AE-233E-2A33-A0A65B61559F}"
EndProject
Global
	GlobalSection(SolutionConfigurationPlatforms) = preSolution
		Debug|Any CPU = Debug|Any CPU
		Release|Any CPU = Release|Any CPU
	EndGlobalSection
	GlobalSection(ProjectConfigurationPlatforms) = postSolution
		{BA2DCC62-3B1E-A7FB-34C6-BCD7A570AA8C}.Debug|Any CPU.ActiveCfg = Debug|Any CPU
		{BA2DCC62-3B1E-A7FB-34C6-BCD7A570AA8C}.Debug|Any CPU.Build.0 = Debug|Any CPU
		{BA2DCC62-3B1E-A7FB-34C6-BCD7A570AA8C}.Release|Any CPU.ActiveCfg = Release|Any CPU
		{BA2DCC62-3B1E-A7FB-34C6-BCD7A570AA8C}.Release|Any CPU.Build.0 = Release|Any CPU
		{65DF0F25-46AE-233E-2A33-A0A65B61559F}.Debug|Any CPU.ActiveCfg = Debug|Any CPU
		{65DF0F25-46AE-233E-2A33-A0A65B61559F}.Debug|Any CPU.Build.0 = Debug|Any CPU
		{65DF0F25-46AE-233E-2A33-A0A65B61559F}.Release|Any CPU.ActiveCfg = Release|Any CPU
		{65DF0F25-46AE-233E-2A33-A0A65B61559F}.Release|Any CPU.Build.0 = Release|Any CPU
	EndGlobalSection
	GlobalSection(SolutionProperties) = preSolution
		HideSolutionNode = FALSE
	EndGlobalSection
EndGlobal
